// !$*UTF8*$!
{
	archiveVersion = 1;
	classes = {
	};
	objectVersion = 56;
	objects = {

/* Begin PBXBuildFile section */
		9F5435202A9234CD00167B04 /* LandmarksApp.swift in Sources */ = {isa = PBXBuildFile; fileRef = 9F54351F2A9234CD00167B04 /* LandmarksApp.swift */; };
		9F5435222A9234CD00167B04 /* ContentView.swift in Sources */ = {isa = PBXBuildFile; fileRef = 9F5435212A9234CD00167B04 /* ContentView.swift */; };
		9F5435242A9234CF00167B04 /* Assets.xcassets in Resources */ = {isa = PBXBuildFile; fileRef = 9F5435232A9234CF00167B04 /* Assets.xcassets */; };
		9F5435272A9234CF00167B04 /* Preview Assets.xcassets in Resources */ = {isa = PBXBuildFile; fileRef = 9F5435262A9234CF00167B04 /* Preview Assets.xcassets */; };
		9F54352E2A92403F00167B04 /* CircleImage.swift in Sources */ = {isa = PBXBuildFile; fileRef = 9F54352D2A92403F00167B04 /* CircleImage.swift */; };
		9F5435302A92412900167B04 /* MapView.swift in Sources */ = {isa = PBXBuildFile; fileRef = 9F54352F2A92412900167B04 /* MapView.swift */; };
		9F801ECF2A93373A00F8671E /* landmarkData.json in Resources */ = {isa = PBXBuildFile; fileRef = 9F801ECE2A93373A00F8671E /* landmarkData.json */; };
		9F801ED12A93375E00F8671E /* Landmark.swift in Sources */ = {isa = PBXBuildFile; fileRef = 9F801ED02A93375E00F8671E /* Landmark.swift */; };
		9F801ED32A93393600F8671E /* ModelData.swift in Sources */ = {isa = PBXBuildFile; fileRef = 9F801ED22A93393600F8671E /* ModelData.swift */; };
		9F801EDC2A93403600F8671E /* LandmarkRow.swift in Sources */ = {isa = PBXBuildFile; fileRef = 9F801EDB2A93403600F8671E /* LandmarkRow.swift */; };
		9F801EDE2A93405E00F8671E /* LandmarkList.swift in Sources */ = {isa = PBXBuildFile; fileRef = 9F801EDD2A93405E00F8671E /* LandmarkList.swift */; };
		9F801EE02A93418C00F8671E /* LandmarkDetail.swift in Sources */ = {isa = PBXBuildFile; fileRef = 9F801EDF2A93418C00F8671E /* LandmarkDetail.swift */; };
		9F801EE22A936B6900F8671E /* FavoriteButton.swift in Sources */ = {isa = PBXBuildFile; fileRef = 9F801EE12A936B6900F8671E /* FavoriteButton.swift */; };
/* End PBXBuildFile section */

/* Begin PBXFileReference section */
		9F54351C2A9234CD00167B04 /* Landmarks.app */ = {isa = PBXFileReference; explicitFileType = wrapper.application; includeInIndex = 0; path = Landmarks.app; sourceTree = BUILT_PRODUCTS_DIR; };
		9F54351F2A9234CD00167B04 /* LandmarksApp.swift */ = {isa = PBXFileReference; lastKnownFileType = sourcecode.swift; path = LandmarksApp.swift; sourceTree = "<group>"; };
		9F5435212A9234CD00167B04 /* ContentView.swift */ = {isa = PBXFileReference; lastKnownFileType = sourcecode.swift; path = ContentView.swift; sourceTree = "<group>"; };
		9F5435232A9234CF00167B04 /* Assets.xcassets */ = {isa = PBXFileReference; lastKnownFileType = folder.assetcatalog; path = Assets.xcassets; sourceTree = "<group>"; };
		9F5435262A9234CF00167B04 /* Preview Assets.xcassets */ = {isa = PBXFileReference; lastKnownFileType = folder.assetcatalog; path = "Preview Assets.xcassets"; sourceTree = "<group>"; };
		9F54352D2A92403F00167B04 /* CircleImage.swift */ = {isa = PBXFileReference; lastKnownFileType = sourcecode.swift; path = CircleImage.swift; sourceTree = "<group>"; };
		9F54352F2A92412900167B04 /* MapView.swift */ = {isa = PBXFileReference; lastKnownFileType = sourcecode.swift; path = MapView.swift; sourceTree = "<group>"; };
		9F801ECE2A93373A00F8671E /* landmarkData.json */ = {isa = PBXFileReference; fileEncoding = 4; lastKnownFileType = text.json; path = landmarkData.json; sourceTree = "<group>"; };
		9F801ED02A93375E00F8671E /* Landmark.swift */ = {isa = PBXFileReference; lastKnownFileType = sourcecode.swift; path = Landmark.swift; sourceTree = "<group>"; };
		9F801ED22A93393600F8671E /* ModelData.swift */ = {isa = PBXFileReference; lastKnownFileType = sourcecode.swift; path = ModelData.swift; sourceTree = "<group>"; };
		9F801EDB2A93403600F8671E /* LandmarkRow.swift */ = {isa = PBXFileReference; lastKnownFileType = sourcecode.swift; path = LandmarkRow.swift; sourceTree = "<group>"; };
		9F801EDD2A93405E00F8671E /* LandmarkList.swift */ = {isa = PBXFileReference; lastKnownFileType = sourcecode.swift; path = LandmarkList.swift; sourceTree = "<group>"; };
		9F801EDF2A93418C00F8671E /* LandmarkDetail.swift */ = {isa = PBXFileReference; lastKnownFileType = sourcecode.swift; path = LandmarkDetail.swift; sourceTree = "<group>"; };
		9F801EE12A936B6900F8671E /* FavoriteButton.swift */ = {isa = PBXFileReference; lastKnownFileType = sourcecode.swift; path = FavoriteButton.swift; sourceTree = "<group>"; };
/* End PBXFileReference section */

/* Begin PBXFrameworksBuildPhase section */
		9F5435192A9234CD00167B04 /* Frameworks */ = {
			isa = PBXFrameworksBuildPhase;
			buildActionMask = 2147483647;
			files = (
			);
			runOnlyForDeploymentPostprocessing = 0;
		};
/* End PBXFrameworksBuildPhase section */

/* Begin PBXGroup section */
		9F5435132A9234CD00167B04 = {
			isa = PBXGroup;
			children = (
				9F54351E2A9234CD00167B04 /* Landmarks */,
				9F54351D2A9234CD00167B04 /* Products */,
			);
			sourceTree = "<group>";
		};
		9F54351D2A9234CD00167B04 /* Products */ = {
			isa = PBXGroup;
			children = (
				9F54351C2A9234CD00167B04 /* Landmarks.app */,
			);
			name = Products;
			sourceTree = "<group>";
		};
		9F54351E2A9234CD00167B04 /* Landmarks */ = {
			isa = PBXGroup;
			children = (
				9F54351F2A9234CD00167B04 /* LandmarksApp.swift */,
				9F801ED62A933B7A00F8671E /* Views */,
				9F801ED82A933BA400F8671E /* Model */,
				9F801ED72A933B8E00F8671E /* Resources */,
				9F5435232A9234CF00167B04 /* Assets.xcassets */,
				9F5435252A9234CF00167B04 /* Preview Content */,
			);
			path = Landmarks;
			sourceTree = "<group>";
		};
		9F5435252A9234CF00167B04 /* Preview Content */ = {
			isa = PBXGroup;
			children = (
				9F5435262A9234CF00167B04 /* Preview Assets.xcassets */,
			);
			path = "Preview Content";
			sourceTree = "<group>";
		};
		9F801ED62A933B7A00F8671E /* Views */ = {
			isa = PBXGroup;
			children = (
				9F5435212A9234CD00167B04 /* ContentView.swift */,
				9F801EE32A936C6100F8671E /* Helpers */,
				9F801EE42A936C7500F8671E /* Landmarks */,
			);
			path = Views;
			sourceTree = "<group>";
		};
		9F801ED72A933B8E00F8671E /* Resources */ = {
			isa = PBXGroup;
			children = (
				9F801ECE2A93373A00F8671E /* landmarkData.json */,
			);
			path = Resources;
			sourceTree = "<group>";
		};
		9F801ED82A933BA400F8671E /* Model */ = {
			isa = PBXGroup;
			children = (
				9F801ED02A93375E00F8671E /* Landmark.swift */,
				9F801ED22A93393600F8671E /* ModelData.swift */,
			);
			path = Model;
			sourceTree = "<group>";
		};
		9F801EE32A936C6100F8671E /* Helpers */ = {
			isa = PBXGroup;
			children = (
				9F54352F2A92412900167B04 /* MapView.swift */,
				9F54352D2A92403F00167B04 /* CircleImage.swift */,
				9F801EE12A936B6900F8671E /* FavoriteButton.swift */,
			);
			path = Helpers;
			sourceTree = "<group>";
		};
		9F801EE42A936C7500F8671E /* Landmarks */ = {
			isa = PBXGroup;
			children = (
				9F801EDB2A93403600F8671E /* LandmarkRow.swift */,
				9F801EDD2A93405E00F8671E /* LandmarkList.swift */,
				9F801EDF2A93418C00F8671E /* LandmarkDetail.swift */,
			);
			path = Landmarks;
			sourceTree = "<group>";
		};
/* End PBXGroup section */

/* Begin PBXNativeTarget section */
		9F54351B2A9234CD00167B04 /* Landmarks */ = {
			isa = PBXNativeTarget;
			buildConfigurationList = 9F54352A2A9234CF00167B04 /* Build configuration list for PBXNativeTarget "Landmarks" */;
			buildPhases = (
				9F5435182A9234CD00167B04 /* Sources */,
				9F5435192A9234CD00167B04 /* Frameworks */,
				9F54351A2A9234CD00167B04 /* Resources */,
			);
			buildRules = (
			);
			dependencies = (
			);
			name = Landmarks;
			productName = Landmarks;
			productReference = 9F54351C2A9234CD00167B04 /* Landmarks.app */;
			productType = "com.apple.product-type.application";
		};
/* End PBXNativeTarget section */

/* Begin PBXProject section */
		9F5435142A9234CD00167B04 /* Project object */ = {
			isa = PBXProject;
			attributes = {
				BuildIndependentTargetsInParallel = 1;
				LastSwiftUpdateCheck = 1430;
				LastUpgradeCheck = 1430;
				TargetAttributes = {
					9F54351B2A9234CD00167B04 = {
						CreatedOnToolsVersion = 14.3.1;
					};
				};
			};
			buildConfigurationList = 9F5435172A9234CD00167B04 /* Build configuration list for PBXProject "Landmarks" */;
			compatibilityVersion = "Xcode 14.0";
			developmentRegion = en;
			hasScannedForEncodings = 0;
			knownRegions = (
				en,
				Base,
			);
			mainGroup = 9F5435132A9234CD00167B04;
			productRefGroup = 9F54351D2A9234CD00167B04 /* Products */;
			projectDirPath = "";
			projectRoot = "";
			targets = (
				9F54351B2A9234CD00167B04 /* Landmarks */,
			);
		};
/* End PBXProject section */

/* Begin PBXResourcesBuildPhase section */
		9F54351A2A9234CD00167B04 /* Resources */ = {
			isa = PBXResourcesBuildPhase;
			buildActionMask = 2147483647;
			files = (
				9F5435272A9234CF00167B04 /* Preview Assets.xcassets in Resources */,
				9F5435242A9234CF00167B04 /* Assets.xcassets in Resources */,
				9F801ECF2A93373A00F8671E /* landmarkData.json in Resources */,
			);
			runOnlyForDeploymentPostprocessing = 0;
		};
/* End PBXResourcesBuildPhase section */

/* Begin PBXSourcesBuildPhase section */
		9F5435182A9234CD00167B04 /* Sources */ = {
			isa = PBXSourcesBuildPhase;
			buildActionMask = 2147483647;
			files = (
				9F5435222A9234CD00167B04 /* ContentView.swift in Sources */,
				9F5435302A92412900167B04 /* MapView.swift in Sources */,
				9F5435202A9234CD00167B04 /* LandmarksApp.swift in Sources */,
				9F801EE22A936B6900F8671E /* FavoriteButton.swift in Sources */,
				9F801EDE2A93405E00F8671E /* LandmarkList.swift in Sources */,
				9F801EE02A93418C00F8671E /* LandmarkDetail.swift in Sources */,
				9F54352E2A92403F00167B04 /* CircleImage.swift in Sources */,
				9F801ED12A93375E00F8671E /* Landmark.swift in Sources */,
				9F801EDC2A93403600F8671E /* LandmarkRow.swift in Sources */,
				9F801ED32A93393600F8671E /* ModelData.swift in Sources */,
			);
			runOnlyForDeploymentPostprocessing = 0;
		};
/* End PBXSourcesBuildPhase section */

/* Begin XCBuildConfiguration section */
		9F5435282A9234CF00167B04 /* Debug */ = {
			isa = XCBuildConfiguration;
			buildSettings = {
				ALWAYS_SEARCH_USER_PATHS = NO;
				CLANG_ANALYZER_NONNULL = YES;
				CLANG_ANALYZER_NUMBER_OBJECT_CONVERSION = YES_AGGRESSIVE;
				CLANG_CXX_LANGUAGE_STANDARD = "gnu++20";
				CLANG_ENABLE_MODULES = YES;
				CLANG_ENABLE_OBJC_ARC = YES;
				CLANG_ENABLE_OBJC_WEAK = YES;
				CLANG_WARN_BLOCK_CAPTURE_AUTORELEASING = YES;
				CLANG_WARN_BOOL_CONVERSION = YES;
				CLANG_WARN_COMMA = YES;
				CLANG_WARN_CONSTANT_CONVERSION = YES;
				CLANG_WARN_DEPRECATED_OBJC_IMPLEMENTATIONS = YES;
				CLANG_WARN_DIRECT_OBJC_ISA_USAGE = YES_ERROR;
				CLANG_WARN_DOCUMENTATION_COMMENTS = YES;
				CLANG_WARN_EMPTY_BODY = YES;
				CLANG_WARN_ENUM_CONVERSION = YES;
				CLANG_WARN_INFINITE_RECURSION = YES;
				CLANG_WARN_INT_CONVERSION = YES;
				CLANG_WARN_NON_LITERAL_NULL_CONVERSION = YES;
				CLANG_WARN_OBJC_IMPLICIT_RETAIN_SELF = YES;
				CLANG_WARN_OBJC_LITERAL_CONVERSION = YES;
				CLANG_WARN_OBJC_ROOT_CLASS = YES_ERROR;
				CLANG_WARN_QUOTED_INCLUDE_IN_FRAMEWORK_HEADER = YES;
				CLANG_WARN_RANGE_LOOP_ANALYSIS = YES;
				CLANG_WARN_STRICT_PROTOTYPES = YES;
				CLANG_WARN_SUSPICIOUS_MOVE = YES;
				CLANG_WARN_UNGUARDED_AVAILABILITY = YES_AGGRESSIVE;
				CLANG_WARN_UNREACHABLE_CODE = YES;
				CLANG_WARN__DUPLICATE_METHOD_MATCH = YES;
				COPY_PHASE_STRIP = NO;
				DEBUG_INFORMATION_FORMAT = dwarf;
				ENABLE_STRICT_OBJC_MSGSEND = YES;
				ENABLE_TESTABILITY = YES;
				GCC_C_LANGUAGE_STANDARD = gnu11;
				GCC_DYNAMIC_NO_PIC = NO;
				GCC_NO_COMMON_BLOCKS = YES;
				GCC_OPTIMIZATION_LEVEL = 0;
				GCC_PREPROCESSOR_DEFINITIONS = (
					"DEBUG=1",
					"$(inherited)",
				);
				GCC_WARN_64_TO_32_BIT_CONVERSION = YES;
				GCC_WARN_ABOUT_RETURN_TYPE = YES_ERROR;
				GCC_WARN_UNDECLARED_SELECTOR = YES;
				GCC_WARN_UNINITIALIZED_AUTOS = YES_AGGRESSIVE;
				GCC_WARN_UNUSED_FUNCTION = YES;
				GCC_WARN_UNUSED_VARIABLE = YES;
				IPHONEOS_DEPLOYMENT_TARGET = 16.4;
				MTL_ENABLE_DEBUG_INFO = INCLUDE_SOURCE;
				MTL_FAST_MATH = YES;
				ONLY_ACTIVE_ARCH = YES;
				SDKROOT = iphoneos;
				SWIFT_ACTIVE_COMPILATION_CONDITIONS = DEBUG;
				SWIFT_OPTIMIZATION_LEVEL = "-Onone";
			};
			name = Debug;
		};
		9F5435292A9234CF00167B04 /* Release */ = {
			isa = XCBuildConfiguration;
			buildSettings = {
				ALWAYS_SEARCH_USER_PATHS = NO;
				CLANG_ANALYZER_NONNULL = YES;
				CLANG_ANALYZER_NUMBER_OBJECT_CONVERSION = YES_AGGRESSIVE;
				CLANG_CXX_LANGUAGE_STANDARD = "gnu++20";
				CLANG_ENABLE_MODULES = YES;
				CLANG_ENABLE_OBJC_ARC = YES;
				CLANG_ENABLE_OBJC_WEAK = YES;
				CLANG_WARN_BLOCK_CAPTURE_AUTORELEASING = YES;
				CLANG_WARN_BOOL_CONVERSION = YES;
				CLANG_WARN_COMMA = YES;
				CLANG_WARN_CONSTANT_CONVERSION = YES;
				CLANG_WARN_DEPRECATED_OBJC_IMPLEMENTATIONS = YES;
				CLANG_WARN_DIRECT_OBJC_ISA_USAGE = YES_ERROR;
				CLANG_WARN_DOCUMENTATION_COMMENTS = YES;
				CLANG_WARN_EMPTY_BODY = YES;
				CLANG_WARN_ENUM_CONVERSION = YES;
				CLANG_WARN_INFINITE_RECURSION = YES;
				CLANG_WARN_INT_CONVERSION = YES;
				CLANG_WARN_NON_LITERAL_NULL_CONVERSION = YES;
				CLANG_WARN_OBJC_IMPLICIT_RETAIN_SELF = YES;
				CLANG_WARN_OBJC_LITERAL_CONVERSION = YES;
				CLANG_WARN_OBJC_ROOT_CLASS = YES_ERROR;
				CLANG_WARN_QUOTED_INCLUDE_IN_FRAMEWORK_HEADER = YES;
				CLANG_WARN_RANGE_LOOP_ANALYSIS = YES;
				CLANG_WARN_STRICT_PROTOTYPES = YES;
				CLANG_WARN_SUSPICIOUS_MOVE = YES;
				CLANG_WARN_UNGUARDED_AVAILABILITY = YES_AGGRESSIVE;
				CLANG_WARN_UNREACHABLE_CODE = YES;
				CLANG_WARN__DUPLICATE_METHOD_MATCH = YES;
				COPY_PHASE_STRIP = NO;
				DEBUG_INFORMATION_FORMAT = "dwarf-with-dsym";
				ENABLE_NS_ASSERTIONS = NO;
				ENABLE_STRICT_OBJC_MSGSEND = YES;
				GCC_C_LANGUAGE_STANDARD = gnu11;
				GCC_NO_COMMON_BLOCKS = YES;
				GCC_WARN_64_TO_32_BIT_CONVERSION = YES;
				GCC_WARN_ABOUT_RETURN_TYPE = YES_ERROR;
				GCC_WARN_UNDECLARED_SELECTOR = YES;
				GCC_WARN_UNINITIALIZED_AUTOS = YES_AGGRESSIVE;
				GCC_WARN_UNUSED_FUNCTION = YES;
				GCC_WARN_UNUSED_VARIABLE = YES;
				IPHONEOS_DEPLOYMENT_TARGET = 16.4;
				MTL_ENABLE_DEBUG_INFO = NO;
				MTL_FAST_MATH = YES;
				SDKROOT = iphoneos;
				SWIFT_COMPILATION_MODE = wholemodule;
				SWIFT_OPTIMIZATION_LEVEL = "-O";
				VALIDATE_PRODUCT = YES;
			};
			name = Release;
		};
		9F54352B2A9234CF00167B04 /* Debug */ = {
			isa = XCBuildConfiguration;
			buildSettings = {
				ASSETCATALOG_COMPILER_APPICON_NAME = AppIcon;
				ASSETCATALOG_COMPILER_GLOBAL_ACCENT_COLOR_NAME = AccentColor;
				CODE_SIGN_STYLE = Automatic;
				CURRENT_PROJECT_VERSION = 1;
				DEVELOPMENT_ASSET_PATHS = "\"Landmarks/Preview Content\"";
				DEVELOPMENT_TEAM = 386R6WBQX9;
				ENABLE_PREVIEWS = YES;
				GENERATE_INFOPLIST_FILE = YES;
				INFOPLIST_KEY_UIApplicationSceneManifest_Generation = YES;
				INFOPLIST_KEY_UIApplicationSupportsIndirectInputEvents = YES;
				INFOPLIST_KEY_UILaunchScreen_Generation = YES;
				INFOPLIST_KEY_UISupportedInterfaceOrientations_iPad = "UIInterfaceOrientationPortrait UIInterfaceOrientationPortraitUpsideDown UIInterfaceOrientationLandscapeLeft UIInterfaceOrientationLandscapeRight";
				INFOPLIST_KEY_UISupportedInterfaceOrientations_iPhone = "UIInterfaceOrientationPortrait UIInterfaceOrientationLandscapeLeft UIInterfaceOrientationLandscapeRight";
				IPHONEOS_DEPLOYMENT_TARGET = 16.4;
				LD_RUNPATH_SEARCH_PATHS = (
					"$(inherited)",
					"@executable_path/Frameworks",
				);
				MARKETING_VERSION = 1.0;
				PRODUCT_BUNDLE_IDENTIFIER = "Brain-Craft.Landmarks";
				PRODUCT_NAME = "$(TARGET_NAME)";
				SWIFT_EMIT_LOC_STRINGS = YES;
				SWIFT_VERSION = 5.0;
				TARGETED_DEVICE_FAMILY = "1,2";
			};
			name = Debug;
		};
		9F54352C2A9234CF00167B04 /* Release */ = {
			isa = XCBuildConfiguration;
			buildSettings = {
				ASSETCATALOG_COMPILER_APPICON_NAME = AppIcon;
				ASSETCATALOG_COMPILER_GLOBAL_ACCENT_COLOR_NAME = AccentColor;
				CODE_SIGN_STYLE = Automatic;
				CURRENT_PROJECT_VERSION = 1;
				DEVELOPMENT_ASSET_PATHS = "\"Landmarks/Preview Content\"";
				DEVELOPMENT_TEAM = 386R6WBQX9;
				ENABLE_PREVIEWS = YES;
				GENERATE_INFOPLIST_FILE = YES;
				INFOPLIST_KEY_UIApplicationSceneManifest_Generation = YES;
				INFOPLIST_KEY_UIApplicationSupportsIndirectInputEvents = YES;
				INFOPLIST_KEY_UILaunchScreen_Generation = YES;
				INFOPLIST_KEY_UISupportedInterfaceOrientations_iPad = "UIInterfaceOrientationPortrait UIInterfaceOrientationPortraitUpsideDown UIInterfaceOrientationLandscapeLeft UIInterfaceOrientationLandscapeRight";
				INFOPLIST_KEY_UISupportedInterfaceOrientations_iPhone = "UIInterfaceOrientationPortrait UIInterfaceOrientationLandscapeLeft UIInterfaceOrientationLandscapeRight";
				IPHONEOS_DEPLOYMENT_TARGET = 16.4;
				LD_RUNPATH_SEARCH_PATHS = (
					"$(inherited)",
					"@executable_path/Frameworks",
				);
				MARKETING_VERSION = 1.0;
				PRODUCT_BUNDLE_IDENTIFIER = "Brain-Craft.Landmarks";
				PRODUCT_NAME = "$(TARGET_NAME)";
				SWIFT_EMIT_LOC_STRINGS = YES;
				SWIFT_VERSION = 5.0;
				TARGETED_DEVICE_FAMILY = "1,2";
			};
			name = Release;
		};
/* End XCBuildConfiguration section */

/* Begin XCConfigurationList section */
		9F5435172A9234CD00167B04 /* Build configuration list for PBXProject "Landmarks" */ = {
			isa = XCConfigurationList;
			buildConfigurations = (
				9F5435282A9234CF00167B04 /* Debug */,
				9F5435292A9234CF00167B04 /* Release */,
			);
			defaultConfigurationIsVisible = 0;
			defaultConfigurationName = Release;
		};
		9F54352A2A9234CF00167B04 /* Build configuration list for PBXNativeTarget "Landmarks" */ = {
			isa = XCConfigurationList;
			buildConfigurations = (
				9F54352B2A9234CF00167B04 /* Debug */,
				9F54352C2A9234CF00167B04 /* Release */,
			);
			defaultConfigurationIsVisible = 0;
			defaultConfigurationName = Release;
		};
/* End XCConfigurationList section */
	};
	rootObject = 9F5435142A9234CD00167B04 /* Project object */;
}
